// !$*UTF8*$!
{
	archiveVersion = 1;
	classes = {
	};
	objectVersion = 55;
	objects = {

/* Begin PBXBuildFile section */
		624E3B45273BE6E5007175EF /* AppDelegate.swift in Sources */ = {isa = PBXBuildFile; fileRef = 624E3B44273BE6E5007175EF /* AppDelegate.swift */; };
		624E3B47273BE6E5007175EF /* SceneDelegate.swift in Sources */ = {isa = PBXBuildFile; fileRef = 624E3B46273BE6E5007175EF /* SceneDelegate.swift */; };
		624E3B4C273BE6E5007175EF /* Main.storyboard in Resources */ = {isa = PBXBuildFile; fileRef = 624E3B4A273BE6E5007175EF /* Main.storyboard */; };
		624E3B4E273BE6E6007175EF /* Assets.xcassets in Resources */ = {isa = PBXBuildFile; fileRef = 624E3B4D273BE6E6007175EF /* Assets.xcassets */; };
		624E3B51273BE6E6007175EF /* LaunchScreen.storyboard in Resources */ = {isa = PBXBuildFile; fileRef = 624E3B4F273BE6E6007175EF /* LaunchScreen.storyboard */; };
		62D4C09B2743CCDD0005ABFE /* TableHeroesViewModelTypeProtocol.swift in Sources */ = {isa = PBXBuildFile; fileRef = 62D4C09A2743CCDD0005ABFE /* TableHeroesViewModelTypeProtocol.swift */; };
		62D4C09D2743D10C0005ABFE /* Heroes.swift in Sources */ = {isa = PBXBuildFile; fileRef = 62D4C09C2743D10C0005ABFE /* Heroes.swift */; };
		62D881E6273BF26D00438BEB /* SwiftyJSON.xcframework in Frameworks */ = {isa = PBXBuildFile; fileRef = 62D881E5273BF26D00438BEB /* SwiftyJSON.xcframework */; };
		62D881E8273BF27C00438BEB /* Alamofire.xcframework in Frameworks */ = {isa = PBXBuildFile; fileRef = 62D881E7273BF27C00438BEB /* Alamofire.xcframework */; };
		62D881EA273BF37000438BEB /* HeroesTableViewController.swift in Sources */ = {isa = PBXBuildFile; fileRef = 62D881E9273BF37000438BEB /* HeroesTableViewController.swift */; };
		62E7C573273D2F0900AD2505 /* APIService.swift in Sources */ = {isa = PBXBuildFile; fileRef = 62E7C572273D2F0900AD2505 /* APIService.swift */; };
		62FD95C8273C0D9900BD1E7C /* HeroesTableViewCell.swift in Sources */ = {isa = PBXBuildFile; fileRef = 62FD95C7273C0D9900BD1E7C /* HeroesTableViewCell.swift */; };
		62FD95CA273C104400BD1E7C /* HeroesData.swift in Sources */ = {isa = PBXBuildFile; fileRef = 62FD95C9273C104400BD1E7C /* HeroesData.swift */; };
		62FD95CC273C12C300BD1E7C /* HeroesViewModel.swift in Sources */ = {isa = PBXBuildFile; fileRef = 62FD95CB273C12C300BD1E7C /* HeroesViewModel.swift */; };
/* End PBXBuildFile section */

/* Begin PBXFileReference section */
		624E3B41273BE6E5007175EF /* Lesson_12.app */ = {isa = PBXFileReference; explicitFileType = wrapper.application; includeInIndex = 0; path = Lesson_12.app; sourceTree = BUILT_PRODUCTS_DIR; };
		624E3B44273BE6E5007175EF /* AppDelegate.swift */ = {isa = PBXFileReference; lastKnownFileType = sourcecode.swift; path = AppDelegate.swift; sourceTree = "<group>"; };
		624E3B46273BE6E5007175EF /* SceneDelegate.swift */ = {isa = PBXFileReference; lastKnownFileType = sourcecode.swift; path = SceneDelegate.swift; sourceTree = "<group>"; };
		624E3B4B273BE6E5007175EF /* Base */ = {isa = PBXFileReference; lastKnownFileType = file.storyboard; name = Base; path = Base.lproj/Main.storyboard; sourceTree = "<group>"; };
		624E3B4D273BE6E6007175EF /* Assets.xcassets */ = {isa = PBXFileReference; lastKnownFileType = folder.assetcatalog; path = Assets.xcassets; sourceTree = "<group>"; };
		624E3B50273BE6E6007175EF /* Base */ = {isa = PBXFileReference; lastKnownFileType = file.storyboard; name = Base; path = Base.lproj/LaunchScreen.storyboard; sourceTree = "<group>"; };
		624E3B52273BE6E6007175EF /* Info.plist */ = {isa = PBXFileReference; lastKnownFileType = text.plist.xml; path = Info.plist; sourceTree = "<group>"; };
		62D4C09A2743CCDD0005ABFE /* TableHeroesViewModelTypeProtocol.swift */ = {isa = PBXFileReference; lastKnownFileType = sourcecode.swift; path = TableHeroesViewModelTypeProtocol.swift; sourceTree = "<group>"; };
		62D4C09C2743D10C0005ABFE /* Heroes.swift */ = {isa = PBXFileReference; lastKnownFileType = sourcecode.swift; path = Heroes.swift; sourceTree = "<group>"; };
		62D881E3273BEE5800438BEB /* 5496EA4B-DBA1-3F95-B45F-97E276DCC7C4.bcsymbolmap */ = {isa = PBXFileReference; lastKnownFileType = text; name = "5496EA4B-DBA1-3F95-B45F-97E276DCC7C4.bcsymbolmap"; path = "Carthage/Build/iOS/5496EA4B-DBA1-3F95-B45F-97E276DCC7C4.bcsymbolmap"; sourceTree = "<group>"; };
		62D881E5273BF26D00438BEB /* SwiftyJSON.xcframework */ = {isa = PBXFileReference; lastKnownFileType = wrapper.xcframework; name = SwiftyJSON.xcframework; path = Carthage/Build/SwiftyJSON.xcframework; sourceTree = "<group>"; };
		62D881E7273BF27C00438BEB /* Alamofire.xcframework */ = {isa = PBXFileReference; lastKnownFileType = wrapper.xcframework; name = Alamofire.xcframework; path = Carthage/Build/Alamofire.xcframework; sourceTree = "<group>"; };
		62D881E9273BF37000438BEB /* HeroesTableViewController.swift */ = {isa = PBXFileReference; lastKnownFileType = sourcecode.swift; path = HeroesTableViewController.swift; sourceTree = "<group>"; };
		62E7C572273D2F0900AD2505 /* APIService.swift */ = {isa = PBXFileReference; lastKnownFileType = sourcecode.swift; path = APIService.swift; sourceTree = "<group>"; };
		62FD95C7273C0D9900BD1E7C /* HeroesTableViewCell.swift */ = {isa = PBXFileReference; lastKnownFileType = sourcecode.swift; path = HeroesTableViewCell.swift; sourceTree = "<group>"; };
		62FD95C9273C104400BD1E7C /* HeroesData.swift */ = {isa = PBXFileReference; lastKnownFileType = sourcecode.swift; path = HeroesData.swift; sourceTree = "<group>"; };
		62FD95CB273C12C300BD1E7C /* HeroesViewModel.swift */ = {isa = PBXFileReference; lastKnownFileType = sourcecode.swift; path = HeroesViewModel.swift; sourceTree = "<group>"; };
/* End PBXFileReference section */

/* Begin PBXFrameworksBuildPhase section */
		624E3B3E273BE6E5007175EF /* Frameworks */ = {
			isa = PBXFrameworksBuildPhase;
			buildActionMask = 2147483647;
			files = (
				62D881E8273BF27C00438BEB /* Alamofire.xcframework in Frameworks */,
				62D881E6273BF26D00438BEB /* SwiftyJSON.xcframework in Frameworks */,
			);
			runOnlyForDeploymentPostprocessing = 0;
		};
/* End PBXFrameworksBuildPhase section */

/* Begin PBXGroup section */
		624E3B38273BE6E5007175EF = {
			isa = PBXGroup;
			children = (
				624E3B43273BE6E5007175EF /* Lesson_12 */,
				624E3B42273BE6E5007175EF /* Products */,
				62D881E2273BEE5800438BEB /* Frameworks */,
			);
			sourceTree = "<group>";
		};
		624E3B42273BE6E5007175EF /* Products */ = {
			isa = PBXGroup;
			children = (
				624E3B41273BE6E5007175EF /* Lesson_12.app */,
			);
			name = Products;
			sourceTree = "<group>";
		};
		624E3B43273BE6E5007175EF /* Lesson_12 */ = {
			isa = PBXGroup;
			children = (
				62D4C0992743CCA70005ABFE /* Protocol */,
				62E7C571273D2E6300AD2505 /* Service */,
				624E3B5A273BE712007175EF /* View */,
				624E3B59273BE705007175EF /* ModelView */,
				624E3B58273BE6FB007175EF /* Model */,
				624E3B44273BE6E5007175EF /* AppDelegate.swift */,
				624E3B46273BE6E5007175EF /* SceneDelegate.swift */,
				624E3B4A273BE6E5007175EF /* Main.storyboard */,
				624E3B4D273BE6E6007175EF /* Assets.xcassets */,
				624E3B4F273BE6E6007175EF /* LaunchScreen.storyboard */,
				624E3B52273BE6E6007175EF /* Info.plist */,
			);
			path = Lesson_12;
			sourceTree = "<group>";
		};
		624E3B58273BE6FB007175EF /* Model */ = {
			isa = PBXGroup;
			children = (
				62FD95C9273C104400BD1E7C /* HeroesData.swift */,
				62D4C09C2743D10C0005ABFE /* Heroes.swift */,
			);
			path = Model;
			sourceTree = "<group>";
		};
		624E3B59273BE705007175EF /* ModelView */ = {
			isa = PBXGroup;
			children = (
				62FD95CB273C12C300BD1E7C /* HeroesViewModel.swift */,
			);
			path = ModelView;
			sourceTree = "<group>";
		};
		624E3B5A273BE712007175EF /* View */ = {
			isa = PBXGroup;
			children = (
				62FD95C6273C0D7400BD1E7C /* HeroesTableView */,
			);
			path = View;
			sourceTree = "<group>";
		};
		62D4C0992743CCA70005ABFE /* Protocol */ = {
			isa = PBXGroup;
			children = (
				62D4C09A2743CCDD0005ABFE /* TableHeroesViewModelTypeProtocol.swift */,
			);
			path = Protocol;
			sourceTree = "<group>";
		};
		62D881E2273BEE5800438BEB /* Frameworks */ = {
			isa = PBXGroup;
			children = (
				62D881E7273BF27C00438BEB /* Alamofire.xcframework */,
				62D881E5273BF26D00438BEB /* SwiftyJSON.xcframework */,
				62D881E3273BEE5800438BEB /* 5496EA4B-DBA1-3F95-B45F-97E276DCC7C4.bcsymbolmap */,
			);
			name = Frameworks;
			sourceTree = "<group>";
		};
		62E7C571273D2E6300AD2505 /* Service */ = {
			isa = PBXGroup;
			children = (
				62E7C572273D2F0900AD2505 /* APIService.swift */,
			);
			path = Service;
			sourceTree = "<group>";
		};
		62FD95C6273C0D7400BD1E7C /* HeroesTableView */ = {
			isa = PBXGroup;
			children = (
				62D881E9273BF37000438BEB /* HeroesTableViewController.swift */,
				62FD95C7273C0D9900BD1E7C /* HeroesTableViewCell.swift */,
			);
			path = HeroesTableView;
			sourceTree = "<group>";
		};
/* End PBXGroup section */

/* Begin PBXNativeTarget section */
		624E3B40273BE6E5007175EF /* Lesson_12 */ = {
			isa = PBXNativeTarget;
			buildConfigurationList = 624E3B55273BE6E6007175EF /* Build configuration list for PBXNativeTarget "Lesson_12" */;
			buildPhases = (
				624E3B3D273BE6E5007175EF /* Sources */,
				624E3B3E273BE6E5007175EF /* Frameworks */,
				624E3B3F273BE6E5007175EF /* Resources */,
			);
			buildRules = (
			);
			dependencies = (
			);
			name = Lesson_12;
			productName = Lesson_12;
			productReference = 624E3B41273BE6E5007175EF /* Lesson_12.app */;
			productType = "com.apple.product-type.application";
		};
/* End PBXNativeTarget section */

/* Begin PBXProject section */
		624E3B39273BE6E5007175EF /* Project object */ = {
			isa = PBXProject;
			attributes = {
				BuildIndependentTargetsInParallel = 1;
				LastSwiftUpdateCheck = 1300;
				LastUpgradeCheck = 1300;
				TargetAttributes = {
					624E3B40273BE6E5007175EF = {
						CreatedOnToolsVersion = 13.0;
					};
				};
			};
			buildConfigurationList = 624E3B3C273BE6E5007175EF /* Build configuration list for PBXProject "Lesson_12" */;
			compatibilityVersion = "Xcode 13.0";
			developmentRegion = en;
			hasScannedForEncodings = 0;
			knownRegions = (
				en,
				Base,
			);
			mainGroup = 624E3B38273BE6E5007175EF;
			productRefGroup = 624E3B42273BE6E5007175EF /* Products */;
			projectDirPath = "";
			projectRoot = "";
			targets = (
				624E3B40273BE6E5007175EF /* Lesson_12 */,
			);
		};
/* End PBXProject section */

/* Begin PBXResourcesBuildPhase section */
		624E3B3F273BE6E5007175EF /* Resources */ = {
			isa = PBXResourcesBuildPhase;
			buildActionMask = 2147483647;
			files = (
				624E3B51273BE6E6007175EF /* LaunchScreen.storyboard in Resources */,
				624E3B4E273BE6E6007175EF /* Assets.xcassets in Resources */,
				624E3B4C273BE6E5007175EF /* Main.storyboard in Resources */,
			);
			runOnlyForDeploymentPostprocessing = 0;
		};
/* End PBXResourcesBuildPhase section */

/* Begin PBXSourcesBuildPhase section */
		624E3B3D273BE6E5007175EF /* Sources */ = {
			isa = PBXSourcesBuildPhase;
			buildActionMask = 2147483647;
			files = (
				62D4C09D2743D10C0005ABFE /* Heroes.swift in Sources */,
				624E3B45273BE6E5007175EF /* AppDelegate.swift in Sources */,
				62E7C573273D2F0900AD2505 /* APIService.swift in Sources */,
				62FD95C8273C0D9900BD1E7C /* HeroesTableViewCell.swift in Sources */,
				624E3B47273BE6E5007175EF /* SceneDelegate.swift in Sources */,
				62FD95CA273C104400BD1E7C /* HeroesData.swift in Sources */,
				62FD95CC273C12C300BD1E7C /* HeroesViewModel.swift in Sources */,
				62D881EA273BF37000438BEB /* HeroesTableViewController.swift in Sources */,
				62D4C09B2743CCDD0005ABFE /* TableHeroesViewModelTypeProtocol.swift in Sources */,
			);
			runOnlyForDeploymentPostprocessing = 0;
		};
/* End PBXSourcesBuildPhase section */

/* Begin PBXVariantGroup section */
		624E3B4A273BE6E5007175EF /* Main.storyboard */ = {
			isa = PBXVariantGroup;
			children = (
				624E3B4B273BE6E5007175EF /* Base */,
			);
			name = Main.storyboard;
			sourceTree = "<group>";
		};
		624E3B4F273BE6E6007175EF /* LaunchScreen.storyboard */ = {
			isa = PBXVariantGroup;
			children = (
				624E3B50273BE6E6007175EF /* Base */,
			);
			name = LaunchScreen.storyboard;
			sourceTree = "<group>";
		};
/* End PBXVariantGroup section */

/* Begin XCBuildConfiguration section */
		624E3B53273BE6E6007175EF /* Debug */ = {
			isa = XCBuildConfiguration;
			buildSettings = {
				ALWAYS_SEARCH_USER_PATHS = NO;
				CLANG_ANALYZER_NONNULL = YES;
				CLANG_ANALYZER_NUMBER_OBJECT_CONVERSION = YES_AGGRESSIVE;
				CLANG_CXX_LANGUAGE_STANDARD = "gnu++17";
				CLANG_CXX_LIBRARY = "libc++";
				CLANG_ENABLE_MODULES = YES;
				CLANG_ENABLE_OBJC_ARC = YES;
				CLANG_ENABLE_OBJC_WEAK = YES;
				CLANG_WARN_BLOCK_CAPTURE_AUTORELEASING = YES;
				CLANG_WARN_BOOL_CONVERSION = YES;
				CLANG_WARN_COMMA = YES;
				CLANG_WARN_CONSTANT_CONVERSION = YES;
				CLANG_WARN_DEPRECATED_OBJC_IMPLEMENTATIONS = YES;
				CLANG_WARN_DIRECT_OBJC_ISA_USAGE = YES_ERROR;
				CLANG_WARN_DOCUMENTATION_COMMENTS = YES;
				CLANG_WARN_EMPTY_BODY = YES;
				CLANG_WARN_ENUM_CONVERSION = YES;
				CLANG_WARN_INFINITE_RECURSION = YES;
				CLANG_WARN_INT_CONVERSION = YES;
				CLANG_WARN_NON_LITERAL_NULL_CONVERSION = YES;
				CLANG_WARN_OBJC_IMPLICIT_RETAIN_SELF = YES;
				CLANG_WARN_OBJC_LITERAL_CONVERSION = YES;
				CLANG_WARN_OBJC_ROOT_CLASS = YES_ERROR;
				CLANG_WARN_QUOTED_INCLUDE_IN_FRAMEWORK_HEADER = YES;
				CLANG_WARN_RANGE_LOOP_ANALYSIS = YES;
				CLANG_WARN_STRICT_PROTOTYPES = YES;
				CLANG_WARN_SUSPICIOUS_MOVE = YES;
				CLANG_WARN_UNGUARDED_AVAILABILITY = YES_AGGRESSIVE;
				CLANG_WARN_UNREACHABLE_CODE = YES;
				CLANG_WARN__DUPLICATE_METHOD_MATCH = YES;
				COPY_PHASE_STRIP = NO;
				DEBUG_INFORMATION_FORMAT = dwarf;
				ENABLE_STRICT_OBJC_MSGSEND = YES;
				ENABLE_TESTABILITY = YES;
				GCC_C_LANGUAGE_STANDARD = gnu11;
				GCC_DYNAMIC_NO_PIC = NO;
				GCC_NO_COMMON_BLOCKS = YES;
				GCC_OPTIMIZATION_LEVEL = 0;
				GCC_PREPROCESSOR_DEFINITIONS = (
					"DEBUG=1",
					"$(inherited)",
				);
				GCC_WARN_64_TO_32_BIT_CONVERSION = YES;
				GCC_WARN_ABOUT_RETURN_TYPE = YES_ERROR;
				GCC_WARN_UNDECLARED_SELECTOR = YES;
				GCC_WARN_UNINITIALIZED_AUTOS = YES_AGGRESSIVE;
				GCC_WARN_UNUSED_FUNCTION = YES;
				GCC_WARN_UNUSED_VARIABLE = YES;
				IPHONEOS_DEPLOYMENT_TARGET = 15.0;
				MTL_ENABLE_DEBUG_INFO = INCLUDE_SOURCE;
				MTL_FAST_MATH = YES;
				ONLY_ACTIVE_ARCH = YES;
				SDKROOT = iphoneos;
				SWIFT_ACTIVE_COMPILATION_CONDITIONS = DEBUG;
				SWIFT_OPTIMIZATION_LEVEL = "-Onone";
			};
			name = Debug;
		};
		624E3B54273BE6E6007175EF /* Release */ = {
			isa = XCBuildConfiguration;
			buildSettings = {
				ALWAYS_SEARCH_USER_PATHS = NO;
				CLANG_ANALYZER_NONNULL = YES;
				CLANG_ANALYZER_NUMBER_OBJECT_CONVERSION = YES_AGGRESSIVE;
				CLANG_CXX_LANGUAGE_STANDARD = "gnu++17";
				CLANG_CXX_LIBRARY = "libc++";
				CLANG_ENABLE_MODULES = YES;
				CLANG_ENABLE_OBJC_ARC = YES;
				CLANG_ENABLE_OBJC_WEAK = YES;
				CLANG_WARN_BLOCK_CAPTURE_AUTORELEASING = YES;
				CLANG_WARN_BOOL_CONVERSION = YES;
				CLANG_WARN_COMMA = YES;
				CLANG_WARN_CONSTANT_CONVERSION = YES;
				CLANG_WARN_DEPRECATED_OBJC_IMPLEMENTATIONS = YES;
				CLANG_WARN_DIRECT_OBJC_ISA_USAGE = YES_ERROR;
				CLANG_WARN_DOCUMENTATION_COMMENTS = YES;
				CLANG_WARN_EMPTY_BODY = YES;
				CLANG_WARN_ENUM_CONVERSION = YES;
				CLANG_WARN_INFINITE_RECURSION = YES;
				CLANG_WARN_INT_CONVERSION = YES;
				CLANG_WARN_NON_LITERAL_NULL_CONVERSION = YES;
				CLANG_WARN_OBJC_IMPLICIT_RETAIN_SELF = YES;
				CLANG_WARN_OBJC_LITERAL_CONVERSION = YES;
				CLANG_WARN_OBJC_ROOT_CLASS = YES_ERROR;
				CLANG_WARN_QUOTED_INCLUDE_IN_FRAMEWORK_HEADER = YES;
				CLANG_WARN_RANGE_LOOP_ANALYSIS = YES;
				CLANG_WARN_STRICT_PROTOTYPES = YES;
				CLANG_WARN_SUSPICIOUS_MOVE = YES;
				CLANG_WARN_UNGUARDED_AVAILABILITY = YES_AGGRESSIVE;
				CLANG_WARN_UNREACHABLE_CODE = YES;
				CLANG_WARN__DUPLICATE_METHOD_MATCH = YES;
				COPY_PHASE_STRIP = NO;
				DEBUG_INFORMATION_FORMAT = "dwarf-with-dsym";
				ENABLE_NS_ASSERTIONS = NO;
				ENABLE_STRICT_OBJC_MSGSEND = YES;
				GCC_C_LANGUAGE_STANDARD = gnu11;
				GCC_NO_COMMON_BLOCKS = YES;
				GCC_WARN_64_TO_32_BIT_CONVERSION = YES;
				GCC_WARN_ABOUT_RETURN_TYPE = YES_ERROR;
				GCC_WARN_UNDECLARED_SELECTOR = YES;
				GCC_WARN_UNINITIALIZED_AUTOS = YES_AGGRESSIVE;
				GCC_WARN_UNUSED_FUNCTION = YES;
				GCC_WARN_UNUSED_VARIABLE = YES;
				IPHONEOS_DEPLOYMENT_TARGET = 15.0;
				MTL_ENABLE_DEBUG_INFO = NO;
				MTL_FAST_MATH = YES;
				SDKROOT = iphoneos;
				SWIFT_COMPILATION_MODE = wholemodule;
				SWIFT_OPTIMIZATION_LEVEL = "-O";
				VALIDATE_PRODUCT = YES;
			};
			name = Release;
		};
		624E3B56273BE6E6007175EF /* Debug */ = {
			isa = XCBuildConfiguration;
			buildSettings = {
				ASSETCATALOG_COMPILER_APPICON_NAME = AppIcon;
				ASSETCATALOG_COMPILER_GLOBAL_ACCENT_COLOR_NAME = AccentColor;
				CODE_SIGN_STYLE = Automatic;
				CURRENT_PROJECT_VERSION = 1;
				DEVELOPMENT_TEAM = E7LT4SWZY4;
				GENERATE_INFOPLIST_FILE = YES;
				INFOPLIST_FILE = Lesson_12/Info.plist;
				INFOPLIST_KEY_UIApplicationSupportsIndirectInputEvents = YES;
				INFOPLIST_KEY_UILaunchStoryboardName = LaunchScreen;
				INFOPLIST_KEY_UIMainStoryboardFile = Main;
				INFOPLIST_KEY_UISupportedInterfaceOrientations_iPad = "UIInterfaceOrientationPortrait UIInterfaceOrientationPortraitUpsideDown UIInterfaceOrientationLandscapeLeft UIInterfaceOrientationLandscapeRight";
				INFOPLIST_KEY_UISupportedInterfaceOrientations_iPhone = "UIInterfaceOrientationPortrait UIInterfaceOrientationLandscapeLeft UIInterfaceOrientationLandscapeRight";
				LD_RUNPATH_SEARCH_PATHS = (
					"$(inherited)",
					"@executable_path/Frameworks",
				);
				MARKETING_VERSION = 1.0;
				PRODUCT_BUNDLE_IDENTIFIER = "Domiik.Lesson-12";
				PRODUCT_NAME = "$(TARGET_NAME)";
				SWIFT_EMIT_LOC_STRINGS = YES;
				SWIFT_VERSION = 5.0;
				TARGETED_DEVICE_FAMILY = "1,2";
			};
			name = Debug;
		};
		624E3B57273BE6E6007175EF /* Release */ = {
			isa = XCBuildConfiguration;
			buildSettings = {
				ASSETCATALOG_COMPILER_APPICON_NAME = AppIcon;
				ASSETCATALOG_COMPILER_GLOBAL_ACCENT_COLOR_NAME = AccentColor;
				CODE_SIGN_STYLE = Automatic;
				CURRENT_PROJECT_VERSION = 1;
				DEVELOPMENT_TEAM = E7LT4SWZY4;
				GENERATE_INFOPLIST_FILE = YES;
				INFOPLIST_FILE = Lesson_12/Info.plist;
				INFOPLIST_KEY_UIApplicationSupportsIndirectInputEvents = YES;
				INFOPLIST_KEY_UILaunchStoryboardName = LaunchScreen;
				INFOPLIST_KEY_UIMainStoryboardFile = Main;
				INFOPLIST_KEY_UISupportedInterfaceOrientations_iPad = "UIInterfaceOrientationPortrait UIInterfaceOrientationPortraitUpsideDown UIInterfaceOrientationLandscapeLeft UIInterfaceOrientationLandscapeRight";
				INFOPLIST_KEY_UISupportedInterfaceOrientations_iPhone = "UIInterfaceOrientationPortrait UIInterfaceOrientationLandscapeLeft UIInterfaceOrientationLandscapeRight";
				LD_RUNPATH_SEARCH_PATHS = (
					"$(inherited)",
					"@executable_path/Frameworks",
				);
				MARKETING_VERSION = 1.0;
				PRODUCT_BUNDLE_IDENTIFIER = "Domiik.Lesson-12";
				PRODUCT_NAME = "$(TARGET_NAME)";
				SWIFT_EMIT_LOC_STRINGS = YES;
				SWIFT_VERSION = 5.0;
				TARGETED_DEVICE_FAMILY = "1,2";
			};
			name = Release;
		};
/* End XCBuildConfiguration section */

/* Begin XCConfigurationList section */
		624E3B3C273BE6E5007175EF /* Build configuration list for PBXProject "Lesson_12" */ = {
			isa = XCConfigurationList;
			buildConfigurations = (
				624E3B53273BE6E6007175EF /* Debug */,
				624E3B54273BE6E6007175EF /* Release */,
			);
			defaultConfigurationIsVisible = 0;
			defaultConfigurationName = Release;
		};
		624E3B55273BE6E6007175EF /* Build configuration list for PBXNativeTarget "Lesson_12" */ = {
			isa = XCConfigurationList;
			buildConfigurations = (
				624E3B56273BE6E6007175EF /* Debug */,
				624E3B57273BE6E6007175EF /* Release */,
			);
			defaultConfigurationIsVisible = 0;
			defaultConfigurationName = Release;
		};
/* End XCConfigurationList section */
	};
	rootObject = 624E3B39273BE6E5007175EF /* Project object */;
}
